Microsoft Visual Studio Solution File, Format Version 12.00
# Visual Studio Version 17
VisualStudioVersion = 17.5.2.0
MinimumVisualStudioVersion = 10.0.40219.1
Project("{2150E333-8FDC-42A3-9474-1A3956D46DE8}") = "TimesheetApp", "TimesheetApp", "{7EC38A30-05C1-0BF2-CD5D-EADA69ECA36B}"
EndProject
Project("{FAE04EC0-301F-11D3-BF4B-00C04F79EFBC}") = "Timesheet.Api", "TimesheetApp\Timesheet.Api\Timesheet.Api.csproj", "{AB465903-8705-35C2-2F03-E382C3C2C8AB}"
EndProject
Global
	GlobalSection(SolutionConfigurationPlatforms) = preSolution
		Debug|Any CPU = Debug|Any CPU
		Release|Any CPU = Release|Any CPU
	EndGlobalSection
	GlobalSection(ProjectConfigurationPlatforms) = postSolution
		{AB465903-8705-35C2-2F03-E382C3C2C8AB}.Debug|Any CPU.ActiveCfg = Debug|Any CPU
		{AB465903-8705-35C2-2F03-E382C3C2C8AB}.Debug|Any CPU.Build.0 = Debug|Any CPU
		{AB465903-8705-35C2-2F03-E382C3C2C8AB}.Release|Any CPU.ActiveCfg = Release|Any CPU
		{AB465903-8705-35C2-2F03-E382C3C2C8AB}.Release|Any CPU.Build.0 = Release|Any CPU
	EndGlobalSection
	GlobalSection(SolutionProperties) = preSolution
		HideSolutionNode = FALSE
	EndGlobalSection
	GlobalSection(NestedProjects) = preSolution
		{AB465903-8705-35C2-2F03-E382C3C2C8AB} = {7EC38A30-05C1-0BF2-CD5D-EADA69ECA36B}
	EndGlobalSection
	GlobalSection(ExtensibilityGlobals) = postSolution
		SolutionGuid = {67B2D026-A9EB-4078-BB69-09B82578CFA2}
	EndGlobalSection
EndGlobal
